Microsoft Visual Studio Solution File, Format Version 12.00
# Visual Studio Version 17
VisualStudioVersion = 17.5.2.0
MinimumVisualStudioVersion = 10.0.40219.1
Project("{FAE04EC0-301F-11D3-BF4B-00C04F79EFBC}") = "Service2", "Service2.csproj", "{C3FA967F-B90C-8481-D33B-247E1403BA08}"
EndProject
Global
	GlobalSection(SolutionConfigurationPlatforms) = preSolution
		Debug|Any CPU = Debug|Any CPU
		Release|Any CPU = Release|Any CPU
	EndGlobalSection
	GlobalSection(ProjectConfigurationPlatforms) = postSolution
		{C3FA967F-B90C-8481-D33B-247E1403BA08}.Debug|Any CPU.ActiveCfg = Debug|Any CPU
		{C3FA967F-B90C-8481-D33B-247E1403BA08}.Debug|Any CPU.Build.0 = Debug|Any CPU
		{C3FA967F-B90C-8481-D33B-247E1403BA08}.Release|Any CPU.ActiveCfg = Release|Any CPU
		{C3FA967F-B90C-8481-D33B-247E1403BA08}.Release|Any CPU.Build.0 = Release|Any CPU
	EndGlobalSection
	GlobalSection(SolutionProperties) = preSolution
		HideSolutionNode = FALSE
	EndGlobalSection
	GlobalSection(ExtensibilityGlobals) = postSolution
		SolutionGuid = {5D79BB1F-BCFE-4D39-982D-937C4A8AFA14}
	EndGlobalSection
EndGlobal
